# THIS IS AN AUTOGENERATED FILE. DO NOT EDIT THIS FILE DIRECTLY.
# yarn lockfile v1


find-in-files@^0.5.0:
  version "0.5.0"
  resolved "https://registry.yarnpkg.com/find-in-files/-/find-in-files-0.5.0.tgz#8e5a20ffb562e0a47cb916b7f7b821717025e691"
  integrity sha512-VraTc6HdtdSHmAp0yJpAy20yPttGKzyBWc7b7FPnnsX9TOgmKx0g9xajizpF/iuu4IvNK4TP0SpyBT9zAlwG+g==
  dependencies:
    find "^0.1.5"
    q "^1.0.1"

find@^0.1.5:
  version "0.1.7"
  resolved "https://registry.yarnpkg.com/find/-/find-0.1.7.tgz#c86c87af1ab18f222bbe38dec86cbc760d16a6fb"
  integrity sha1-yGyHrxqxjyIrvjjeyGy8dg0Wpvs=
  dependencies:
    traverse-chain "~0.1.0"

q@^1.0.1:
  version "1.5.1"
  resolved "https://registry.yarnpkg.com/q/-/q-1.5.1.tgz#7e32f75b41381291d04611f1bf14109ac00651d7"
  integrity sha1-fjL3W0E4EpHQRhHxvxQQmsAGUdc=

traverse-chain@~0.1.0:
  version "0.1.0"
  resolved "https://registry.yarnpkg.com/traverse-chain/-/traverse-chain-0.1.0.tgz#61dbc2d53b69ff6091a12a168fd7d433107e40f1"
  integrity sha1-YdvC1Ttp/2CRoSoWj9fUMxB+QPE=
